<?xml version="1.0" encoding="utf-8"?>
<Project ToolsVersion="4.0" xmlns="http://schemas.microsoft.com/developer/msbuild/2003">
  <ItemGroup>
    <Filter Include="Source Files">
      <UniqueIdentifier>{4FC737F1-C7A5-4376-A066-2A32D752A2FF}</UniqueIdentifier>
      <Extensions>cpp;c;cc;cxx;def;odl;idl;hpj;bat;asm;asmx</Extensions>
    </Filter>
    <Filter Include="Header Files">
      <UniqueIdentifier>{93995380-89BD-4b04-88EB-625FBE52EBFB}</UniqueIdentifier>
      <Extensions>h;hh;hpp;hxx;hm;inl;inc;xsd</Extensions>
    </Filter>
    <Filter Include="Resource Files">
      <UniqueIdentifier>{67DA6AB6-F800-4c08-8B7A-83BB121AAD01}</UniqueIdentifier>
      <Extensions>rc;ico;cur;bmp;dlg;rc2;rct;bin;rgs;gif;jpg;jpeg;jpe;resx;tiff;tif;png;wav;mfcribbon-ms</Extensions>
    </Filter>
  </ItemGroup>
  <ItemGroup>
    <ClInclude Include="common.h">
      <Filter>Header Files</Filter>
    </ClInclude>
    <ClInclude Include="dummy.h">
      <Filter>Header Files</Filter>
    </ClInclude>
    <ClInclude Include="peer_connection.h">
      <Filter>Header Files</Filter>
    </ClInclude>
    <ClInclude Include="rtc_data_channel.h">
      <Filter>Header Files</Filter>
    </ClInclude>
    <ClInclude Include="stdafx.h">
      <Filter>Header Files</Filter>
    </ClInclude>
    <ClInclude Include="targetver.h">
      <Filter>Header Files</Filter>
    </ClInclude>
    <ClInclude Include="webrtc_wrapper.h">
      <Filter>Header Files</Filter>
    </ClInclude>
    <ClInclude Include="async_event_.hpp">
      <Filter>Header Files</Filter>
    </ClInclude>
    <ClInclude Include="buffer_.hpp">
      <Filter>Header Files</Filter>
    </ClInclude>
    <ClInclude Include="common_.hpp">
      <Filter>Header Files</Filter>
    </ClInclude>
    <ClInclude Include="config_.hpp">
      <Filter>Header Files</Filter>
    </ClInclude>
    <ClInclude Include="debug_.hpp">
      <Filter>Header Files</Filter>
    </ClInclude>
    <ClInclude Include="encrypt_ctx_.hpp">
      <Filter>Header Files</Filter>
    </ClInclude>
    <ClInclude Include="media_stream_.hpp">
      <Filter>Header Files</Filter>
    </ClInclude>
    <ClInclude Include="media_stream_constraints_.hpp">
      <Filter>Header Files</Filter>
    </ClInclude>
    <ClInclude Include="media_stream_track_.hpp">
      <Filter>Header Files</Filter>
    </ClInclude>
    <ClInclude Include="media_track_constraints_.hpp">
      <Filter>Header Files</Filter>
    </ClInclude>
    <ClInclude Include="peer_connection_.hpp">
      <Filter>Header Files</Filter>
    </ClInclude>
    <ClInclude Include="rtc_data_channel_.hpp">
      <Filter>Header Files</Filter>
    </ClInclude>
    <ClInclude Include="rtc_display_.hpp">
      <Filter>Header Files</Filter>
    </ClInclude>
    <ClInclude Include="rtc_dtmf_sender_.hpp">
      <Filter>Header Files</Filter>
    </ClInclude>
    <ClInclude Include="rtc_ice_candidate_.hpp">
      <Filter>Header Files</Filter>
    </ClInclude>
    <ClInclude Include="rtc_media_constraints_.hpp">
      <Filter>Header Files</Filter>
    </ClInclude>
    <ClInclude Include="screen_video_capturer_.hpp">
      <Filter>Header Files</Filter>
    </ClInclude>
    <ClInclude Include="session_description_.hpp">
      <Filter>Header Files</Filter>
    </ClInclude>
    <ClInclude Include="utils_.hpp">
      <Filter>Header Files</Filter>
    </ClInclude>
  </ItemGroup>
  <ItemGroup>
    <ClCompile Include="async_event_.cc">
      <Filter>Source Files</Filter>
    </ClCompile>
    <ClCompile Include="buffer_.cc">
      <Filter>Source Files</Filter>
    </ClCompile>
    <ClCompile Include="common_.cc">
      <Filter>Source Files</Filter>
    </ClCompile>
    <ClCompile Include="encrypt_ctx_.cc">
      <Filter>Source Files</Filter>
    </ClCompile>
    <ClCompile Include="media_stream_.cc">
      <Filter>Source Files</Filter>
    </ClCompile>
    <ClCompile Include="media_stream_constraints_.cc">
      <Filter>Source Files</Filter>
    </ClCompile>
    <ClCompile Include="media_stream_track_.cc">
      <Filter>Source Files</Filter>
    </ClCompile>
    <ClCompile Include="media_track_constraints_.cc">
      <Filter>Source Files</Filter>
    </ClCompile>
    <ClCompile Include="peer_connection_.cc">
      <Filter>Source Files</Filter>
    </ClCompile>
    <ClCompile Include="rtc_data_channel_.cc">
      <Filter>Source Files</Filter>
    </ClCompile>
    <ClCompile Include="rtc_display_.cc">
      <Filter>Source Files</Filter>
    </ClCompile>
    <ClCompile Include="rtc_dtmf_sender_.cc">
      <Filter>Source Files</Filter>
    </ClCompile>
    <ClCompile Include="rtc_ice_candidate_.cc">
      <Filter>Source Files</Filter>
    </ClCompile>
    <ClCompile Include="rtc_media_constraints_.cc">
      <Filter>Source Files</Filter>
    </ClCompile>
    <ClCompile Include="screen_video_capturer_.cc">
      <Filter>Source Files</Filter>
    </ClCompile>
    <ClCompile Include="session_description_.cc">
      <Filter>Source Files</Filter>
    </ClCompile>
    <ClCompile Include="utils_.cc">
      <Filter>Source Files</Filter>
    </ClCompile>
    <ClCompile Include="common.cpp">
      <Filter>Source Files</Filter>
    </ClCompile>
    <ClCompile Include="dllmain.cpp">
      <Filter>Source Files</Filter>
    </ClCompile>
    <ClCompile Include="dummy.cpp">
      <Filter>Source Files</Filter>
    </ClCompile>
    <ClCompile Include="peer_connection.cpp">
      <Filter>Source Files</Filter>
    </ClCompile>
    <ClCompile Include="stdafx.cpp">
      <Filter>Source Files</Filter>
    </ClCompile>
    <ClCompile Include="webrtc_wrapper.cpp">
      <Filter>Source Files</Filter>
    </ClCompile>
  </ItemGroup>
</Project>